// !$*UTF8*$!
{
	archiveVersion = 1;
	classes = {
	};
	objectVersion = 56;
	objects = {

/* Begin PBXBuildFile section */
		724DE64B51024D9ADB83AEA4 /* Pods_LocationNote_LocationNoteUITests.framework in Frameworks */ = {isa = PBXBuildFile; fileRef = 6E3C5730336A5398F3D8DD23 /* Pods_LocationNote_LocationNoteUITests.framework */; };
		A5236E51790FE1D406B07EB8 /* Pods_LocationNoteTests.framework in Frameworks */ = {isa = PBXBuildFile; fileRef = C531066F39FABA4D8BC31FB1 /* Pods_LocationNoteTests.framework */; };
		BB21E3B5291629AD00FB0486 /* MainViewModel.swift in Sources */ = {isa = PBXBuildFile; fileRef = BB21E3B4291629AD00FB0486 /* MainViewModel.swift */; };
		BB35A3B629292BDE00B81327 /* EditMemoViewController.storyboard in Resources */ = {isa = PBXBuildFile; fileRef = BB35A3B529292BDE00B81327 /* EditMemoViewController.storyboard */; };
		BB35A3B829292CC000B81327 /* EditMemoViewController.swift in Sources */ = {isa = PBXBuildFile; fileRef = BB35A3B729292CC000B81327 /* EditMemoViewController.swift */; };
		BB35A3BA29292E4000B81327 /* EditMemoViewModel.swift in Sources */ = {isa = PBXBuildFile; fileRef = BB35A3B929292E4000B81327 /* EditMemoViewModel.swift */; };
		BB59CDA72916840200AB1A2A /* AddMemoViewController.storyboard in Resources */ = {isa = PBXBuildFile; fileRef = BB59CDA62916840200AB1A2A /* AddMemoViewController.storyboard */; };
		BB59CDA92916842100AB1A2A /* AddMemoViewController.swift in Sources */ = {isa = PBXBuildFile; fileRef = BB59CDA82916842100AB1A2A /* AddMemoViewController.swift */; };
		BB59CDAC29168C1100AB1A2A /* PrimaryButton.swift in Sources */ = {isa = PBXBuildFile; fileRef = BB59CDAB29168C1100AB1A2A /* PrimaryButton.swift */; };
		BB76C49129169568007C96FC /* NavigationViewController.swift in Sources */ = {isa = PBXBuildFile; fileRef = BB76C49029169568007C96FC /* NavigationViewController.swift */; };
		BB8F1CE7290D7D05005C97A2 /* ViewExtension.swift in Sources */ = {isa = PBXBuildFile; fileRef = BB8F1CE6290D7D05005C97A2 /* ViewExtension.swift */; };
		BBA94A602906C7B000E9B2F7 /* AppDelegate.swift in Sources */ = {isa = PBXBuildFile; fileRef = BBA94A5F2906C7B000E9B2F7 /* AppDelegate.swift */; };
		BBA94A622906C7B000E9B2F7 /* SceneDelegate.swift in Sources */ = {isa = PBXBuildFile; fileRef = BBA94A612906C7B000E9B2F7 /* SceneDelegate.swift */; };
		BBA94A642906C7B000E9B2F7 /* MainViewController.swift in Sources */ = {isa = PBXBuildFile; fileRef = BBA94A632906C7B000E9B2F7 /* MainViewController.swift */; };
		BBA94A672906C7B000E9B2F7 /* Main.storyboard in Resources */ = {isa = PBXBuildFile; fileRef = BBA94A652906C7B000E9B2F7 /* Main.storyboard */; };
		BBA94A6A2906C7B000E9B2F7 /* LocationNote.xcdatamodeld in Sources */ = {isa = PBXBuildFile; fileRef = BBA94A682906C7B000E9B2F7 /* LocationNote.xcdatamodeld */; };
		BBA94A6C2906C7B200E9B2F7 /* Assets.xcassets in Resources */ = {isa = PBXBuildFile; fileRef = BBA94A6B2906C7B200E9B2F7 /* Assets.xcassets */; };
		BBA94A6F2906C7B200E9B2F7 /* LaunchScreen.storyboard in Resources */ = {isa = PBXBuildFile; fileRef = BBA94A6D2906C7B200E9B2F7 /* LaunchScreen.storyboard */; };
		BBA94A7A2906C7B200E9B2F7 /* LocationNoteTests.swift in Sources */ = {isa = PBXBuildFile; fileRef = BBA94A792906C7B200E9B2F7 /* LocationNoteTests.swift */; };
		BBA94A842906C7B300E9B2F7 /* LocationNoteUITests.swift in Sources */ = {isa = PBXBuildFile; fileRef = BBA94A832906C7B300E9B2F7 /* LocationNoteUITests.swift */; };
		BBA94A862906C7B300E9B2F7 /* LocationNoteUITestsLaunchTests.swift in Sources */ = {isa = PBXBuildFile; fileRef = BBA94A852906C7B300E9B2F7 /* LocationNoteUITestsLaunchTests.swift */; };
		BBB0D767291FDA91004BAE94 /* DataStore.swift in Sources */ = {isa = PBXBuildFile; fileRef = BBB0D766291FDA91004BAE94 /* DataStore.swift */; };
		BBB0D76B291FDAD2004BAE94 /* Memo.swift in Sources */ = {isa = PBXBuildFile; fileRef = BBB0D76A291FDAD2004BAE94 /* Memo.swift */; };
		BBB5346B290D1BA10007AE3E /* R.generated.swift in Sources */ = {isa = PBXBuildFile; fileRef = BBB5346A290D1BA10007AE3E /* R.generated.swift */; };
		BBF8F7EA290D5347003C06D1 /* MainRouter.swift in Sources */ = {isa = PBXBuildFile; fileRef = BBF8F7E9290D5347003C06D1 /* MainRouter.swift */; };
		BBF8F7EC290D539F003C06D1 /* RootViewController.swift in Sources */ = {isa = PBXBuildFile; fileRef = BBF8F7EB290D539F003C06D1 /* RootViewController.swift */; };
		BBF8F7F4290D5F4B003C06D1 /* BaseViewController.swift in Sources */ = {isa = PBXBuildFile; fileRef = BBF8F7F3290D5F4B003C06D1 /* BaseViewController.swift */; };
		BBF8F7FA290D610D003C06D1 /* SearchBar.swift in Sources */ = {isa = PBXBuildFile; fileRef = BBF8F7F9290D610D003C06D1 /* SearchBar.swift */; };
		BBF8F7FC290D611A003C06D1 /* SearchBar.xib in Resources */ = {isa = PBXBuildFile; fileRef = BBF8F7FB290D611A003C06D1 /* SearchBar.xib */; };
		BBF9B4A52916AD050020F7CB /* AddMemoViewModel.swift in Sources */ = {isa = PBXBuildFile; fileRef = BBF9B4A42916AD050020F7CB /* AddMemoViewModel.swift */; };
		BBF9B4A72916AE7B0020F7CB /* LabelExtension.swift in Sources */ = {isa = PBXBuildFile; fileRef = BBF9B4A62916AE7B0020F7CB /* LabelExtension.swift */; };
		F47224C14C2B9A6E561CFF40 /* Pods_LocationNote.framework in Frameworks */ = {isa = PBXBuildFile; fileRef = 4B035DDBCBAC3CB750286DD0 /* Pods_LocationNote.framework */; };
/* End PBXBuildFile section */

/* Begin PBXContainerItemProxy section */
		BBA94A762906C7B200E9B2F7 /* PBXContainerItemProxy */ = {
			isa = PBXContainerItemProxy;
			containerPortal = BBA94A542906C7B000E9B2F7 /* Project object */;
			proxyType = 1;
			remoteGlobalIDString = BBA94A5B2906C7B000E9B2F7;
			remoteInfo = LocationNote;
		};
		BBA94A802906C7B300E9B2F7 /* PBXContainerItemProxy */ = {
			isa = PBXContainerItemProxy;
			containerPortal = BBA94A542906C7B000E9B2F7 /* Project object */;
			proxyType = 1;
			remoteGlobalIDString = BBA94A5B2906C7B000E9B2F7;
			remoteInfo = LocationNote;
		};
/* End PBXContainerItemProxy section */

/* Begin PBXFileReference section */
		309144EFE87BF932BE3377E4 /* Pods-LocationNoteTests.debug.xcconfig */ = {isa = PBXFileReference; includeInIndex = 1; lastKnownFileType = text.xcconfig; name = "Pods-LocationNoteTests.debug.xcconfig"; path = "Target Support Files/Pods-LocationNoteTests/Pods-LocationNoteTests.debug.xcconfig"; sourceTree = "<group>"; };
		490359AFCBCE665A775DF913 /* Pods-LocationNote-LocationNoteUITests.debug.xcconfig */ = {isa = PBXFileReference; includeInIndex = 1; lastKnownFileType = text.xcconfig; name = "Pods-LocationNote-LocationNoteUITests.debug.xcconfig"; path = "Target Support Files/Pods-LocationNote-LocationNoteUITests/Pods-LocationNote-LocationNoteUITests.debug.xcconfig"; sourceTree = "<group>"; };
		4B035DDBCBAC3CB750286DD0 /* Pods_LocationNote.framework */ = {isa = PBXFileReference; explicitFileType = wrapper.framework; includeInIndex = 0; path = Pods_LocationNote.framework; sourceTree = BUILT_PRODUCTS_DIR; };
		5B34969A1B9F4007BD19AFB2 /* Pods-LocationNote-LocationNoteUITests.release.xcconfig */ = {isa = PBXFileReference; includeInIndex = 1; lastKnownFileType = text.xcconfig; name = "Pods-LocationNote-LocationNoteUITests.release.xcconfig"; path = "Target Support Files/Pods-LocationNote-LocationNoteUITests/Pods-LocationNote-LocationNoteUITests.release.xcconfig"; sourceTree = "<group>"; };
		5E8E40245F3326C60EFEF4C6 /* Pods-LocationNote.debug.xcconfig */ = {isa = PBXFileReference; includeInIndex = 1; lastKnownFileType = text.xcconfig; name = "Pods-LocationNote.debug.xcconfig"; path = "Target Support Files/Pods-LocationNote/Pods-LocationNote.debug.xcconfig"; sourceTree = "<group>"; };
		6E3C5730336A5398F3D8DD23 /* Pods_LocationNote_LocationNoteUITests.framework */ = {isa = PBXFileReference; explicitFileType = wrapper.framework; includeInIndex = 0; path = Pods_LocationNote_LocationNoteUITests.framework; sourceTree = BUILT_PRODUCTS_DIR; };
		8B53D729CD0EF0D2CD3ADA11 /* Pods-LocationNote.release.xcconfig */ = {isa = PBXFileReference; includeInIndex = 1; lastKnownFileType = text.xcconfig; name = "Pods-LocationNote.release.xcconfig"; path = "Target Support Files/Pods-LocationNote/Pods-LocationNote.release.xcconfig"; sourceTree = "<group>"; };
		BB21E3B4291629AD00FB0486 /* MainViewModel.swift */ = {isa = PBXFileReference; lastKnownFileType = sourcecode.swift; path = MainViewModel.swift; sourceTree = "<group>"; };
		BB35A3B529292BDE00B81327 /* EditMemoViewController.storyboard */ = {isa = PBXFileReference; lastKnownFileType = file.storyboard; path = EditMemoViewController.storyboard; sourceTree = "<group>"; };
		BB35A3B729292CC000B81327 /* EditMemoViewController.swift */ = {isa = PBXFileReference; lastKnownFileType = sourcecode.swift; path = EditMemoViewController.swift; sourceTree = "<group>"; };
		BB35A3B929292E4000B81327 /* EditMemoViewModel.swift */ = {isa = PBXFileReference; lastKnownFileType = sourcecode.swift; path = EditMemoViewModel.swift; sourceTree = "<group>"; };
		BB59CDA62916840200AB1A2A /* AddMemoViewController.storyboard */ = {isa = PBXFileReference; lastKnownFileType = file.storyboard; path = AddMemoViewController.storyboard; sourceTree = "<group>"; };
		BB59CDA82916842100AB1A2A /* AddMemoViewController.swift */ = {isa = PBXFileReference; lastKnownFileType = sourcecode.swift; path = AddMemoViewController.swift; sourceTree = "<group>"; };
		BB59CDAB29168C1100AB1A2A /* PrimaryButton.swift */ = {isa = PBXFileReference; lastKnownFileType = sourcecode.swift; path = PrimaryButton.swift; sourceTree = "<group>"; };
		BB76C49029169568007C96FC /* NavigationViewController.swift */ = {isa = PBXFileReference; lastKnownFileType = sourcecode.swift; path = NavigationViewController.swift; sourceTree = "<group>"; };
		BB8F1CE6290D7D05005C97A2 /* ViewExtension.swift */ = {isa = PBXFileReference; lastKnownFileType = sourcecode.swift; path = ViewExtension.swift; sourceTree = "<group>"; };
		BBA94A5C2906C7B000E9B2F7 /* LocationNote.app */ = {isa = PBXFileReference; explicitFileType = wrapper.application; includeInIndex = 0; path = LocationNote.app; sourceTree = BUILT_PRODUCTS_DIR; };
		BBA94A5F2906C7B000E9B2F7 /* AppDelegate.swift */ = {isa = PBXFileReference; lastKnownFileType = sourcecode.swift; path = AppDelegate.swift; sourceTree = "<group>"; };
		BBA94A612906C7B000E9B2F7 /* SceneDelegate.swift */ = {isa = PBXFileReference; lastKnownFileType = sourcecode.swift; path = SceneDelegate.swift; sourceTree = "<group>"; };
		BBA94A632906C7B000E9B2F7 /* MainViewController.swift */ = {isa = PBXFileReference; lastKnownFileType = sourcecode.swift; path = MainViewController.swift; sourceTree = "<group>"; };
		BBA94A662906C7B000E9B2F7 /* Base */ = {isa = PBXFileReference; lastKnownFileType = file.storyboard; name = Base; path = Base.lproj/Main.storyboard; sourceTree = "<group>"; };
		BBA94A692906C7B000E9B2F7 /* LocationNote.xcdatamodel */ = {isa = PBXFileReference; lastKnownFileType = wrapper.xcdatamodel; path = LocationNote.xcdatamodel; sourceTree = "<group>"; };
		BBA94A6B2906C7B200E9B2F7 /* Assets.xcassets */ = {isa = PBXFileReference; lastKnownFileType = folder.assetcatalog; path = Assets.xcassets; sourceTree = "<group>"; };
		BBA94A6E2906C7B200E9B2F7 /* Base */ = {isa = PBXFileReference; lastKnownFileType = file.storyboard; name = Base; path = Base.lproj/LaunchScreen.storyboard; sourceTree = "<group>"; };
		BBA94A702906C7B200E9B2F7 /* Info.plist */ = {isa = PBXFileReference; lastKnownFileType = text.plist.xml; path = Info.plist; sourceTree = "<group>"; };
		BBA94A752906C7B200E9B2F7 /* LocationNoteTests.xctest */ = {isa = PBXFileReference; explicitFileType = wrapper.cfbundle; includeInIndex = 0; path = LocationNoteTests.xctest; sourceTree = BUILT_PRODUCTS_DIR; };
		BBA94A792906C7B200E9B2F7 /* LocationNoteTests.swift */ = {isa = PBXFileReference; lastKnownFileType = sourcecode.swift; path = LocationNoteTests.swift; sourceTree = "<group>"; };
		BBA94A7F2906C7B300E9B2F7 /* LocationNoteUITests.xctest */ = {isa = PBXFileReference; explicitFileType = wrapper.cfbundle; includeInIndex = 0; path = LocationNoteUITests.xctest; sourceTree = BUILT_PRODUCTS_DIR; };
		BBA94A832906C7B300E9B2F7 /* LocationNoteUITests.swift */ = {isa = PBXFileReference; lastKnownFileType = sourcecode.swift; path = LocationNoteUITests.swift; sourceTree = "<group>"; };
		BBA94A852906C7B300E9B2F7 /* LocationNoteUITestsLaunchTests.swift */ = {isa = PBXFileReference; lastKnownFileType = sourcecode.swift; path = LocationNoteUITestsLaunchTests.swift; sourceTree = "<group>"; };
		BBB0D766291FDA91004BAE94 /* DataStore.swift */ = {isa = PBXFileReference; lastKnownFileType = sourcecode.swift; path = DataStore.swift; sourceTree = "<group>"; };
		BBB0D76A291FDAD2004BAE94 /* Memo.swift */ = {isa = PBXFileReference; lastKnownFileType = sourcecode.swift; path = Memo.swift; sourceTree = "<group>"; };
		BBB5346A290D1BA10007AE3E /* R.generated.swift */ = {isa = PBXFileReference; fileEncoding = 4; lastKnownFileType = sourcecode.swift; path = R.generated.swift; sourceTree = SOURCE_ROOT; };
		BBF8F7E9290D5347003C06D1 /* MainRouter.swift */ = {isa = PBXFileReference; lastKnownFileType = sourcecode.swift; path = MainRouter.swift; sourceTree = "<group>"; };
		BBF8F7EB290D539F003C06D1 /* RootViewController.swift */ = {isa = PBXFileReference; lastKnownFileType = sourcecode.swift; path = RootViewController.swift; sourceTree = "<group>"; };
		BBF8F7F3290D5F4B003C06D1 /* BaseViewController.swift */ = {isa = PBXFileReference; lastKnownFileType = sourcecode.swift; path = BaseViewController.swift; sourceTree = "<group>"; };
		BBF8F7F9290D610D003C06D1 /* SearchBar.swift */ = {isa = PBXFileReference; lastKnownFileType = sourcecode.swift; path = SearchBar.swift; sourceTree = "<group>"; };
		BBF8F7FB290D611A003C06D1 /* SearchBar.xib */ = {isa = PBXFileReference; lastKnownFileType = file.xib; path = SearchBar.xib; sourceTree = "<group>"; };
		BBF9B4A42916AD050020F7CB /* AddMemoViewModel.swift */ = {isa = PBXFileReference; lastKnownFileType = sourcecode.swift; path = AddMemoViewModel.swift; sourceTree = "<group>"; };
		BBF9B4A62916AE7B0020F7CB /* LabelExtension.swift */ = {isa = PBXFileReference; lastKnownFileType = sourcecode.swift; path = LabelExtension.swift; sourceTree = "<group>"; };
		C531066F39FABA4D8BC31FB1 /* Pods_LocationNoteTests.framework */ = {isa = PBXFileReference; explicitFileType = wrapper.framework; includeInIndex = 0; path = Pods_LocationNoteTests.framework; sourceTree = BUILT_PRODUCTS_DIR; };
		CC2B9D561C0B4B736AE4BC60 /* Pods-LocationNoteTests.release.xcconfig */ = {isa = PBXFileReference; includeInIndex = 1; lastKnownFileType = text.xcconfig; name = "Pods-LocationNoteTests.release.xcconfig"; path = "Target Support Files/Pods-LocationNoteTests/Pods-LocationNoteTests.release.xcconfig"; sourceTree = "<group>"; };
/* End PBXFileReference section */

/* Begin PBXFrameworksBuildPhase section */
		BBA94A592906C7B000E9B2F7 /* Frameworks */ = {
			isa = PBXFrameworksBuildPhase;
			buildActionMask = 2147483647;
			files = (
				F47224C14C2B9A6E561CFF40 /* Pods_LocationNote.framework in Frameworks */,
			);
			runOnlyForDeploymentPostprocessing = 0;
		};
		BBA94A722906C7B200E9B2F7 /* Frameworks */ = {
			isa = PBXFrameworksBuildPhase;
			buildActionMask = 2147483647;
			files = (
				A5236E51790FE1D406B07EB8 /* Pods_LocationNoteTests.framework in Frameworks */,
			);
			runOnlyForDeploymentPostprocessing = 0;
		};
		BBA94A7C2906C7B300E9B2F7 /* Frameworks */ = {
			isa = PBXFrameworksBuildPhase;
			buildActionMask = 2147483647;
			files = (
				724DE64B51024D9ADB83AEA4 /* Pods_LocationNote_LocationNoteUITests.framework in Frameworks */,
			);
			runOnlyForDeploymentPostprocessing = 0;
		};
/* End PBXFrameworksBuildPhase section */

/* Begin PBXGroup section */
		0C89392741D96DEFB80C5CC7 /* Frameworks */ = {
			isa = PBXGroup;
			children = (
				4B035DDBCBAC3CB750286DD0 /* Pods_LocationNote.framework */,
				6E3C5730336A5398F3D8DD23 /* Pods_LocationNote_LocationNoteUITests.framework */,
				C531066F39FABA4D8BC31FB1 /* Pods_LocationNoteTests.framework */,
			);
			name = Frameworks;
			sourceTree = "<group>";
		};
		41863F6398DD0EA1EB177CAC /* Pods */ = {
			isa = PBXGroup;
			children = (
				5E8E40245F3326C60EFEF4C6 /* Pods-LocationNote.debug.xcconfig */,
				8B53D729CD0EF0D2CD3ADA11 /* Pods-LocationNote.release.xcconfig */,
				490359AFCBCE665A775DF913 /* Pods-LocationNote-LocationNoteUITests.debug.xcconfig */,
				5B34969A1B9F4007BD19AFB2 /* Pods-LocationNote-LocationNoteUITests.release.xcconfig */,
				309144EFE87BF932BE3377E4 /* Pods-LocationNoteTests.debug.xcconfig */,
				CC2B9D561C0B4B736AE4BC60 /* Pods-LocationNoteTests.release.xcconfig */,
			);
			path = Pods;
			sourceTree = "<group>";
		};
		BB35A3B429292BC000B81327 /* EditMemo */ = {
			isa = PBXGroup;
			children = (
				BB35A3B529292BDE00B81327 /* EditMemoViewController.storyboard */,
				BB35A3B729292CC000B81327 /* EditMemoViewController.swift */,
				BB35A3B929292E4000B81327 /* EditMemoViewModel.swift */,
			);
			path = EditMemo;
			sourceTree = "<group>";
		};
		BB59CDA5291683E500AB1A2A /* AddMemo */ = {
			isa = PBXGroup;
			children = (
				BB59CDA62916840200AB1A2A /* AddMemoViewController.storyboard */,
				BB59CDA82916842100AB1A2A /* AddMemoViewController.swift */,
				BBF9B4A42916AD050020F7CB /* AddMemoViewModel.swift */,
			);
			path = AddMemo;
			sourceTree = "<group>";
		};
		BB59CDAA29168BF200AB1A2A /* Button */ = {
			isa = PBXGroup;
			children = (
				BB59CDAB29168C1100AB1A2A /* PrimaryButton.swift */,
			);
			path = Button;
			sourceTree = "<group>";
		};
		BB76C48F29169549007C96FC /* Nabigation */ = {
			isa = PBXGroup;
			children = (
				BB76C49029169568007C96FC /* NavigationViewController.swift */,
			);
			path = Nabigation;
			sourceTree = "<group>";
		};
		BB8F1CE5290D7CF1005C97A2 /* Extension */ = {
			isa = PBXGroup;
			children = (
				BB8F1CE6290D7D05005C97A2 /* ViewExtension.swift */,
				BBF9B4A62916AE7B0020F7CB /* LabelExtension.swift */,
			);
			path = Extension;
			sourceTree = "<group>";
		};
		BBA94A532906C7B000E9B2F7 = {
			isa = PBXGroup;
			children = (
				BBA94A5E2906C7B000E9B2F7 /* LocationNote */,
				BBA94A782906C7B200E9B2F7 /* LocationNoteTests */,
				BBA94A822906C7B300E9B2F7 /* LocationNoteUITests */,
				BBA94A5D2906C7B000E9B2F7 /* Products */,
				41863F6398DD0EA1EB177CAC /* Pods */,
				0C89392741D96DEFB80C5CC7 /* Frameworks */,
			);
			sourceTree = "<group>";
		};
		BBA94A5D2906C7B000E9B2F7 /* Products */ = {
			isa = PBXGroup;
			children = (
				BBA94A5C2906C7B000E9B2F7 /* LocationNote.app */,
				BBA94A752906C7B200E9B2F7 /* LocationNoteTests.xctest */,
				BBA94A7F2906C7B300E9B2F7 /* LocationNoteUITests.xctest */,
			);
			name = Products;
			sourceTree = "<group>";
		};
		BBA94A5E2906C7B000E9B2F7 /* LocationNote */ = {
			isa = PBXGroup;
			children = (
				BBB0D768291FDAA9004BAE94 /* Model */,
				BBF8F7F7290D60D8003C06D1 /* ViewParts */,
				BB8F1CE5290D7CF1005C97A2 /* Extension */,
				BBA94A942906C87B00E9B2F7 /* Screen */,
				BBB0D765291FDA6B004BAE94 /* Util */,
				BBA94A932906C86700E9B2F7 /* Shared */,
				BBA94A6B2906C7B200E9B2F7 /* Assets.xcassets */,
				BBA94A6D2906C7B200E9B2F7 /* LaunchScreen.storyboard */,
				BBA94A702906C7B200E9B2F7 /* Info.plist */,
				BBA94A682906C7B000E9B2F7 /* LocationNote.xcdatamodeld */,
			);
			path = LocationNote;
			sourceTree = "<group>";
		};
		BBA94A782906C7B200E9B2F7 /* LocationNoteTests */ = {
			isa = PBXGroup;
			children = (
				BBA94A792906C7B200E9B2F7 /* LocationNoteTests.swift */,
			);
			path = LocationNoteTests;
			sourceTree = "<group>";
		};
		BBA94A822906C7B300E9B2F7 /* LocationNoteUITests */ = {
			isa = PBXGroup;
			children = (
				BBA94A832906C7B300E9B2F7 /* LocationNoteUITests.swift */,
				BBA94A852906C7B300E9B2F7 /* LocationNoteUITestsLaunchTests.swift */,
			);
			path = LocationNoteUITests;
			sourceTree = "<group>";
		};
		BBA94A932906C86700E9B2F7 /* Shared */ = {
			isa = PBXGroup;
			children = (
				BBB5346A290D1BA10007AE3E /* R.generated.swift */,
				BBA94A612906C7B000E9B2F7 /* SceneDelegate.swift */,
				BBA94A5F2906C7B000E9B2F7 /* AppDelegate.swift */,
			);
			path = Shared;
			sourceTree = "<group>";
		};
		BBA94A942906C87B00E9B2F7 /* Screen */ = {
			isa = PBXGroup;
			children = (
				BB35A3B429292BC000B81327 /* EditMemo */,
				BB59CDA5291683E500AB1A2A /* AddMemo */,
				BBA94A952906C88B00E9B2F7 /* Main */,
				BBF8F7F2290D5F32003C06D1 /* Base */,
				BBF8F7E8290D52DA003C06D1 /* Root */,
			);
			path = Screen;
			sourceTree = "<group>";
		};
		BBA94A952906C88B00E9B2F7 /* Main */ = {
			isa = PBXGroup;
			children = (
				BBA94A632906C7B000E9B2F7 /* MainViewController.swift */,
				BB21E3B4291629AD00FB0486 /* MainViewModel.swift */,
				BBA94A652906C7B000E9B2F7 /* Main.storyboard */,
			);
			path = Main;
			sourceTree = "<group>";
		};
		BBB0D765291FDA6B004BAE94 /* Util */ = {
			isa = PBXGroup;
			children = (
				BBB0D766291FDA91004BAE94 /* DataStore.swift */,
			);
			path = Util;
			sourceTree = "<group>";
		};
		BBB0D768291FDAA9004BAE94 /* Model */ = {
			isa = PBXGroup;
			children = (
				BBB0D769291FDAB0004BAE94 /* Data */,
			);
			path = Model;
			sourceTree = "<group>";
		};
		BBB0D769291FDAB0004BAE94 /* Data */ = {
			isa = PBXGroup;
			children = (
				BBB0D76A291FDAD2004BAE94 /* Memo.swift */,
			);
			path = Data;
			sourceTree = "<group>";
		};
		BBF8F7E8290D52DA003C06D1 /* Root */ = {
			isa = PBXGroup;
			children = (
				BBF8F7E9290D5347003C06D1 /* MainRouter.swift */,
				BBF8F7EB290D539F003C06D1 /* RootViewController.swift */,
			);
			path = Root;
			sourceTree = "<group>";
		};
		BBF8F7F2290D5F32003C06D1 /* Base */ = {
			isa = PBXGroup;
			children = (
				BBF8F7F3290D5F4B003C06D1 /* BaseViewController.swift */,
			);
			path = Base;
			sourceTree = "<group>";
		};
		BBF8F7F7290D60D8003C06D1 /* ViewParts */ = {
			isa = PBXGroup;
			children = (
				BB76C48F29169549007C96FC /* Nabigation */,
				BB59CDAA29168BF200AB1A2A /* Button */,
				BBF8F7F8290D60EE003C06D1 /* SearchBar */,
			);
			path = ViewParts;
			sourceTree = "<group>";
		};
		BBF8F7F8290D60EE003C06D1 /* SearchBar */ = {
			isa = PBXGroup;
			children = (
				BBF8F7F9290D610D003C06D1 /* SearchBar.swift */,
				BBF8F7FB290D611A003C06D1 /* SearchBar.xib */,
			);
			path = SearchBar;
			sourceTree = "<group>";
		};
/* End PBXGroup section */

/* Begin PBXNativeTarget section */
		BBA94A5B2906C7B000E9B2F7 /* LocationNote */ = {
			isa = PBXNativeTarget;
			buildConfigurationList = BBA94A892906C7B300E9B2F7 /* Build configuration list for PBXNativeTarget "LocationNote" */;
			buildPhases = (
				5116D39342FE3157075CA96A /* [CP] Check Pods Manifest.lock */,
				BBB53469290D1A2F0007AE3E /* RSwift Script */,
				BBA94A582906C7B000E9B2F7 /* Sources */,
				BBA94A592906C7B000E9B2F7 /* Frameworks */,
				BBA94A5A2906C7B000E9B2F7 /* Resources */,
				BB572681290CCC5A009F0F1B /* SwiftLint Script */,
				4C7230F89BF4CCECD232ECE5 /* [CP] Embed Pods Frameworks */,
			);
			buildRules = (
			);
			dependencies = (
			);
			name = LocationNote;
			productName = LocationNote;
			productReference = BBA94A5C2906C7B000E9B2F7 /* LocationNote.app */;
			productType = "com.apple.product-type.application";
		};
		BBA94A742906C7B200E9B2F7 /* LocationNoteTests */ = {
			isa = PBXNativeTarget;
			buildConfigurationList = BBA94A8C2906C7B300E9B2F7 /* Build configuration list for PBXNativeTarget "LocationNoteTests" */;
			buildPhases = (
				3DAE13C44BD6F252947BE85C /* [CP] Check Pods Manifest.lock */,
				BBA94A712906C7B200E9B2F7 /* Sources */,
				BBA94A722906C7B200E9B2F7 /* Frameworks */,
				BBA94A732906C7B200E9B2F7 /* Resources */,
			);
			buildRules = (
			);
			dependencies = (
				BBA94A772906C7B200E9B2F7 /* PBXTargetDependency */,
			);
			name = LocationNoteTests;
			productName = LocationNoteTests;
			productReference = BBA94A752906C7B200E9B2F7 /* LocationNoteTests.xctest */;
			productType = "com.apple.product-type.bundle.unit-test";
		};
		BBA94A7E2906C7B300E9B2F7 /* LocationNoteUITests */ = {
			isa = PBXNativeTarget;
			buildConfigurationList = BBA94A8F2906C7B300E9B2F7 /* Build configuration list for PBXNativeTarget "LocationNoteUITests" */;
			buildPhases = (
				90E744C8B6BE58FB91986124 /* [CP] Check Pods Manifest.lock */,
				BBA94A7B2906C7B300E9B2F7 /* Sources */,
				BBA94A7C2906C7B300E9B2F7 /* Frameworks */,
				BBA94A7D2906C7B300E9B2F7 /* Resources */,
				ACA340CA49346BDF7C39FA68 /* [CP] Embed Pods Frameworks */,
			);
			buildRules = (
			);
			dependencies = (
				BBA94A812906C7B300E9B2F7 /* PBXTargetDependency */,
			);
			name = LocationNoteUITests;
			productName = LocationNoteUITests;
			productReference = BBA94A7F2906C7B300E9B2F7 /* LocationNoteUITests.xctest */;
			productType = "com.apple.product-type.bundle.ui-testing";
		};
/* End PBXNativeTarget section */

/* Begin PBXProject section */
		BBA94A542906C7B000E9B2F7 /* Project object */ = {
			isa = PBXProject;
			attributes = {
				BuildIndependentTargetsInParallel = 1;
				LastSwiftUpdateCheck = 1400;
				LastUpgradeCheck = 1400;
				TargetAttributes = {
					BBA94A5B2906C7B000E9B2F7 = {
						CreatedOnToolsVersion = 14.0.1;
					};
					BBA94A742906C7B200E9B2F7 = {
						CreatedOnToolsVersion = 14.0.1;
						TestTargetID = BBA94A5B2906C7B000E9B2F7;
					};
					BBA94A7E2906C7B300E9B2F7 = {
						CreatedOnToolsVersion = 14.0.1;
						TestTargetID = BBA94A5B2906C7B000E9B2F7;
					};
				};
			};
			buildConfigurationList = BBA94A572906C7B000E9B2F7 /* Build configuration list for PBXProject "LocationNote" */;
			compatibilityVersion = "Xcode 14.0";
			developmentRegion = en;
			hasScannedForEncodings = 0;
			knownRegions = (
				en,
				Base,
			);
			mainGroup = BBA94A532906C7B000E9B2F7;
			productRefGroup = BBA94A5D2906C7B000E9B2F7 /* Products */;
			projectDirPath = "";
			projectRoot = "";
			targets = (
				BBA94A5B2906C7B000E9B2F7 /* LocationNote */,
				BBA94A742906C7B200E9B2F7 /* LocationNoteTests */,
				BBA94A7E2906C7B300E9B2F7 /* LocationNoteUITests */,
			);
		};
/* End PBXProject section */

/* Begin PBXResourcesBuildPhase section */
		BBA94A5A2906C7B000E9B2F7 /* Resources */ = {
			isa = PBXResourcesBuildPhase;
			buildActionMask = 2147483647;
			files = (
				BBA94A6F2906C7B200E9B2F7 /* LaunchScreen.storyboard in Resources */,
				BB59CDA72916840200AB1A2A /* AddMemoViewController.storyboard in Resources */,
				BBF8F7FC290D611A003C06D1 /* SearchBar.xib in Resources */,
				BBA94A6C2906C7B200E9B2F7 /* Assets.xcassets in Resources */,
				BBA94A672906C7B000E9B2F7 /* Main.storyboard in Resources */,
				BB35A3B629292BDE00B81327 /* EditMemoViewController.storyboard in Resources */,
			);
			runOnlyForDeploymentPostprocessing = 0;
		};
		BBA94A732906C7B200E9B2F7 /* Resources */ = {
			isa = PBXResourcesBuildPhase;
			buildActionMask = 2147483647;
			files = (
			);
			runOnlyForDeploymentPostprocessing = 0;
		};
		BBA94A7D2906C7B300E9B2F7 /* Resources */ = {
			isa = PBXResourcesBuildPhase;
			buildActionMask = 2147483647;
			files = (
			);
			runOnlyForDeploymentPostprocessing = 0;
		};
/* End PBXResourcesBuildPhase section */

/* Begin PBXShellScriptBuildPhase section */
		3DAE13C44BD6F252947BE85C /* [CP] Check Pods Manifest.lock */ = {
			isa = PBXShellScriptBuildPhase;
			buildActionMask = 2147483647;
			files = (
			);
			inputFileListPaths = (
			);
			inputPaths = (
				"${PODS_PODFILE_DIR_PATH}/Podfile.lock",
				"${PODS_ROOT}/Manifest.lock",
			);
			name = "[CP] Check Pods Manifest.lock";
			outputFileListPaths = (
			);
			outputPaths = (
				"$(DERIVED_FILE_DIR)/Pods-LocationNoteTests-checkManifestLockResult.txt",
			);
			runOnlyForDeploymentPostprocessing = 0;
			shellPath = /bin/sh;
			shellScript = "diff \"${PODS_PODFILE_DIR_PATH}/Podfile.lock\" \"${PODS_ROOT}/Manifest.lock\" > /dev/null\nif [ $? != 0 ] ; then\n    # print error to STDERR\n    echo \"error: The sandbox is not in sync with the Podfile.lock. Run 'pod install' or update your CocoaPods installation.\" >&2\n    exit 1\nfi\n# This output is used by Xcode 'outputs' to avoid re-running this script phase.\necho \"SUCCESS\" > \"${SCRIPT_OUTPUT_FILE_0}\"\n";
			showEnvVarsInLog = 0;
		};
		4C7230F89BF4CCECD232ECE5 /* [CP] Embed Pods Frameworks */ = {
			isa = PBXShellScriptBuildPhase;
			buildActionMask = 2147483647;
			files = (
			);
			inputFileListPaths = (
				"${PODS_ROOT}/Target Support Files/Pods-LocationNote/Pods-LocationNote-frameworks-${CONFIGURATION}-input-files.xcfilelist",
			);
			name = "[CP] Embed Pods Frameworks";
			outputFileListPaths = (
				"${PODS_ROOT}/Target Support Files/Pods-LocationNote/Pods-LocationNote-frameworks-${CONFIGURATION}-output-files.xcfilelist",
			);
			runOnlyForDeploymentPostprocessing = 0;
			shellPath = /bin/sh;
			shellScript = "\"${PODS_ROOT}/Target Support Files/Pods-LocationNote/Pods-LocationNote-frameworks.sh\"\n";
			showEnvVarsInLog = 0;
		};
		5116D39342FE3157075CA96A /* [CP] Check Pods Manifest.lock */ = {
			isa = PBXShellScriptBuildPhase;
			buildActionMask = 2147483647;
			files = (
			);
			inputFileListPaths = (
			);
			inputPaths = (
				"${PODS_PODFILE_DIR_PATH}/Podfile.lock",
				"${PODS_ROOT}/Manifest.lock",
			);
			name = "[CP] Check Pods Manifest.lock";
			outputFileListPaths = (
			);
			outputPaths = (
				"$(DERIVED_FILE_DIR)/Pods-LocationNote-checkManifestLockResult.txt",
			);
			runOnlyForDeploymentPostprocessing = 0;
			shellPath = /bin/sh;
			shellScript = "diff \"${PODS_PODFILE_DIR_PATH}/Podfile.lock\" \"${PODS_ROOT}/Manifest.lock\" > /dev/null\nif [ $? != 0 ] ; then\n    # print error to STDERR\n    echo \"error: The sandbox is not in sync with the Podfile.lock. Run 'pod install' or update your CocoaPods installation.\" >&2\n    exit 1\nfi\n# This output is used by Xcode 'outputs' to avoid re-running this script phase.\necho \"SUCCESS\" > \"${SCRIPT_OUTPUT_FILE_0}\"\n";
			showEnvVarsInLog = 0;
		};
		90E744C8B6BE58FB91986124 /* [CP] Check Pods Manifest.lock */ = {
			isa = PBXShellScriptBuildPhase;
			buildActionMask = 2147483647;
			files = (
			);
			inputFileListPaths = (
			);
			inputPaths = (
				"${PODS_PODFILE_DIR_PATH}/Podfile.lock",
				"${PODS_ROOT}/Manifest.lock",
			);
			name = "[CP] Check Pods Manifest.lock";
			outputFileListPaths = (
			);
			outputPaths = (
				"$(DERIVED_FILE_DIR)/Pods-LocationNote-LocationNoteUITests-checkManifestLockResult.txt",
			);
			runOnlyForDeploymentPostprocessing = 0;
			shellPath = /bin/sh;
			shellScript = "diff \"${PODS_PODFILE_DIR_PATH}/Podfile.lock\" \"${PODS_ROOT}/Manifest.lock\" > /dev/null\nif [ $? != 0 ] ; then\n    # print error to STDERR\n    echo \"error: The sandbox is not in sync with the Podfile.lock. Run 'pod install' or update your CocoaPods installation.\" >&2\n    exit 1\nfi\n# This output is used by Xcode 'outputs' to avoid re-running this script phase.\necho \"SUCCESS\" > \"${SCRIPT_OUTPUT_FILE_0}\"\n";
			showEnvVarsInLog = 0;
		};
		ACA340CA49346BDF7C39FA68 /* [CP] Embed Pods Frameworks */ = {
			isa = PBXShellScriptBuildPhase;
			buildActionMask = 2147483647;
			files = (
			);
			inputFileListPaths = (
				"${PODS_ROOT}/Target Support Files/Pods-LocationNote-LocationNoteUITests/Pods-LocationNote-LocationNoteUITests-frameworks-${CONFIGURATION}-input-files.xcfilelist",
			);
			name = "[CP] Embed Pods Frameworks";
			outputFileListPaths = (
				"${PODS_ROOT}/Target Support Files/Pods-LocationNote-LocationNoteUITests/Pods-LocationNote-LocationNoteUITests-frameworks-${CONFIGURATION}-output-files.xcfilelist",
			);
			runOnlyForDeploymentPostprocessing = 0;
			shellPath = /bin/sh;
			shellScript = "\"${PODS_ROOT}/Target Support Files/Pods-LocationNote-LocationNoteUITests/Pods-LocationNote-LocationNoteUITests-frameworks.sh\"\n";
			showEnvVarsInLog = 0;
		};
		BB572681290CCC5A009F0F1B /* SwiftLint Script */ = {
			isa = PBXShellScriptBuildPhase;
			alwaysOutOfDate = 1;
			buildActionMask = 2147483647;
			files = (
			);
			inputFileListPaths = (
			);
			inputPaths = (
			);
			name = "SwiftLint Script";
			outputFileListPaths = (
			);
			outputPaths = (
			);
			runOnlyForDeploymentPostprocessing = 0;
			shellPath = /bin/sh;
			shellScript = "if which \"${PODS_ROOT}/SwiftLint/swiftlint\" >/dev/null; then\n${PODS_ROOT}/SwiftLint/swiftlint --fix\n${PODS_ROOT}/SwiftLint/swiftlint\nelse\necho \"warning: SwiftLint not installed, download from https://github.com/realm/SwiftLint\"\nfi\n";
		};
		BBB53469290D1A2F0007AE3E /* RSwift Script */ = {
			isa = PBXShellScriptBuildPhase;
			alwaysOutOfDate = 1;
			buildActionMask = 2147483647;
			files = (
			);
			inputFileListPaths = (
			);
			inputPaths = (
			);
			name = "RSwift Script";
			outputFileListPaths = (
			);
			outputPaths = (
				$SRCROOT/R.generated.swift,
			);
			runOnlyForDeploymentPostprocessing = 0;
			shellPath = /bin/sh;
			shellScript = "\"$PODS_ROOT/R.swift/rswift\" generate \"$SRCROOT/R.generated.swift\"\n\n";
		};
/* End PBXShellScriptBuildPhase section */

/* Begin PBXSourcesBuildPhase section */
		BBA94A582906C7B000E9B2F7 /* Sources */ = {
			isa = PBXSourcesBuildPhase;
			buildActionMask = 2147483647;
			files = (
				BB59CDA92916842100AB1A2A /* AddMemoViewController.swift in Sources */,
				BBA94A6A2906C7B000E9B2F7 /* LocationNote.xcdatamodeld in Sources */,
				BBB0D767291FDA91004BAE94 /* DataStore.swift in Sources */,
				BBA94A642906C7B000E9B2F7 /* MainViewController.swift in Sources */,
				BBB5346B290D1BA10007AE3E /* R.generated.swift in Sources */,
				BBF8F7EC290D539F003C06D1 /* RootViewController.swift in Sources */,
				BB59CDAC29168C1100AB1A2A /* PrimaryButton.swift in Sources */,
				BB8F1CE7290D7D05005C97A2 /* ViewExtension.swift in Sources */,
				BB35A3B829292CC000B81327 /* EditMemoViewController.swift in Sources */,
				BBA94A602906C7B000E9B2F7 /* AppDelegate.swift in Sources */,
				BBF9B4A52916AD050020F7CB /* AddMemoViewModel.swift in Sources */,
				BBF8F7FA290D610D003C06D1 /* SearchBar.swift in Sources */,
				BBF8F7F4290D5F4B003C06D1 /* BaseViewController.swift in Sources */,
				BBA94A622906C7B000E9B2F7 /* SceneDelegate.swift in Sources */,
				BBF9B4A72916AE7B0020F7CB /* LabelExtension.swift in Sources */,
				BBF8F7EA290D5347003C06D1 /* MainRouter.swift in Sources */,
				BBB0D76B291FDAD2004BAE94 /* Memo.swift in Sources */,
				BB76C49129169568007C96FC /* NavigationViewController.swift in Sources */,
				BB35A3BA29292E4000B81327 /* EditMemoViewModel.swift in Sources */,
				BB21E3B5291629AD00FB0486 /* MainViewModel.swift in Sources */,
			);
			runOnlyForDeploymentPostprocessing = 0;
		};
		BBA94A712906C7B200E9B2F7 /* Sources */ = {
			isa = PBXSourcesBuildPhase;
			buildActionMask = 2147483647;
			files = (
				BBA94A7A2906C7B200E9B2F7 /* LocationNoteTests.swift in Sources */,
			);
			runOnlyForDeploymentPostprocessing = 0;
		};
		BBA94A7B2906C7B300E9B2F7 /* Sources */ = {
			isa = PBXSourcesBuildPhase;
			buildActionMask = 2147483647;
			files = (
				BBA94A842906C7B300E9B2F7 /* LocationNoteUITests.swift in Sources */,
				BBA94A862906C7B300E9B2F7 /* LocationNoteUITestsLaunchTests.swift in Sources */,
			);
			runOnlyForDeploymentPostprocessing = 0;
		};
/* End PBXSourcesBuildPhase section */

/* Begin PBXTargetDependency section */
		BBA94A772906C7B200E9B2F7 /* PBXTargetDependency */ = {
			isa = PBXTargetDependency;
			target = BBA94A5B2906C7B000E9B2F7 /* LocationNote */;
			targetProxy = BBA94A762906C7B200E9B2F7 /* PBXContainerItemProxy */;
		};
		BBA94A812906C7B300E9B2F7 /* PBXTargetDependency */ = {
			isa = PBXTargetDependency;
			target = BBA94A5B2906C7B000E9B2F7 /* LocationNote */;
			targetProxy = BBA94A802906C7B300E9B2F7 /* PBXContainerItemProxy */;
		};
/* End PBXTargetDependency section */

/* Begin PBXVariantGroup section */
		BBA94A652906C7B000E9B2F7 /* Main.storyboard */ = {
			isa = PBXVariantGroup;
			children = (
				BBA94A662906C7B000E9B2F7 /* Base */,
			);
			name = Main.storyboard;
			sourceTree = "<group>";
		};
		BBA94A6D2906C7B200E9B2F7 /* LaunchScreen.storyboard */ = {
			isa = PBXVariantGroup;
			children = (
				BBA94A6E2906C7B200E9B2F7 /* Base */,
			);
			name = LaunchScreen.storyboard;
			sourceTree = "<group>";
		};
/* End PBXVariantGroup section */

/* Begin XCBuildConfiguration section */
		BBA94A872906C7B300E9B2F7 /* Debug */ = {
			isa = XCBuildConfiguration;
			buildSettings = {
				ALWAYS_SEARCH_USER_PATHS = NO;
				CLANG_ANALYZER_NONNULL = YES;
				CLANG_ANALYZER_NUMBER_OBJECT_CONVERSION = YES_AGGRESSIVE;
				CLANG_CXX_LANGUAGE_STANDARD = "gnu++20";
				CLANG_ENABLE_MODULES = YES;
				CLANG_ENABLE_OBJC_ARC = YES;
				CLANG_ENABLE_OBJC_WEAK = YES;
				CLANG_WARN_BLOCK_CAPTURE_AUTORELEASING = YES;
				CLANG_WARN_BOOL_CONVERSION = YES;
				CLANG_WARN_COMMA = YES;
				CLANG_WARN_CONSTANT_CONVERSION = YES;
				CLANG_WARN_DEPRECATED_OBJC_IMPLEMENTATIONS = YES;
				CLANG_WARN_DIRECT_OBJC_ISA_USAGE = YES_ERROR;
				CLANG_WARN_DOCUMENTATION_COMMENTS = YES;
				CLANG_WARN_EMPTY_BODY = YES;
				CLANG_WARN_ENUM_CONVERSION = YES;
				CLANG_WARN_INFINITE_RECURSION = YES;
				CLANG_WARN_INT_CONVERSION = YES;
				CLANG_WARN_NON_LITERAL_NULL_CONVERSION = YES;
				CLANG_WARN_OBJC_IMPLICIT_RETAIN_SELF = YES;
				CLANG_WARN_OBJC_LITERAL_CONVERSION = YES;
				CLANG_WARN_OBJC_ROOT_CLASS = YES_ERROR;
				CLANG_WARN_QUOTED_INCLUDE_IN_FRAMEWORK_HEADER = YES;
				CLANG_WARN_RANGE_LOOP_ANALYSIS = YES;
				CLANG_WARN_STRICT_PROTOTYPES = YES;
				CLANG_WARN_SUSPICIOUS_MOVE = YES;
				CLANG_WARN_UNGUARDED_AVAILABILITY = YES_AGGRESSIVE;
				CLANG_WARN_UNREACHABLE_CODE = YES;
				CLANG_WARN__DUPLICATE_METHOD_MATCH = YES;
				COPY_PHASE_STRIP = NO;
				DEBUG_INFORMATION_FORMAT = dwarf;
				ENABLE_STRICT_OBJC_MSGSEND = YES;
				ENABLE_TESTABILITY = YES;
				GCC_C_LANGUAGE_STANDARD = gnu11;
				GCC_DYNAMIC_NO_PIC = NO;
				GCC_NO_COMMON_BLOCKS = YES;
				GCC_OPTIMIZATION_LEVEL = 0;
				GCC_PREPROCESSOR_DEFINITIONS = (
					"DEBUG=1",
					"$(inherited)",
				);
				GCC_WARN_64_TO_32_BIT_CONVERSION = YES;
				GCC_WARN_ABOUT_RETURN_TYPE = YES_ERROR;
				GCC_WARN_UNDECLARED_SELECTOR = YES;
				GCC_WARN_UNINITIALIZED_AUTOS = YES_AGGRESSIVE;
				GCC_WARN_UNUSED_FUNCTION = YES;
				GCC_WARN_UNUSED_VARIABLE = YES;
				IPHONEOS_DEPLOYMENT_TARGET = 15.0;
				MTL_ENABLE_DEBUG_INFO = INCLUDE_SOURCE;
				MTL_FAST_MATH = YES;
				ONLY_ACTIVE_ARCH = YES;
				SDKROOT = iphoneos;
				SWIFT_ACTIVE_COMPILATION_CONDITIONS = DEBUG;
				SWIFT_OPTIMIZATION_LEVEL = "-Onone";
			};
			name = Debug;
		};
		BBA94A882906C7B300E9B2F7 /* Release */ = {
			isa = XCBuildConfiguration;
			buildSettings = {
				ALWAYS_SEARCH_USER_PATHS = NO;
				CLANG_ANALYZER_NONNULL = YES;
				CLANG_ANALYZER_NUMBER_OBJECT_CONVERSION = YES_AGGRESSIVE;
				CLANG_CXX_LANGUAGE_STANDARD = "gnu++20";
				CLANG_ENABLE_MODULES = YES;
				CLANG_ENABLE_OBJC_ARC = YES;
				CLANG_ENABLE_OBJC_WEAK = YES;
				CLANG_WARN_BLOCK_CAPTURE_AUTORELEASING = YES;
				CLANG_WARN_BOOL_CONVERSION = YES;
				CLANG_WARN_COMMA = YES;
				CLANG_WARN_CONSTANT_CONVERSION = YES;
				CLANG_WARN_DEPRECATED_OBJC_IMPLEMENTATIONS = YES;
				CLANG_WARN_DIRECT_OBJC_ISA_USAGE = YES_ERROR;
				CLANG_WARN_DOCUMENTATION_COMMENTS = YES;
				CLANG_WARN_EMPTY_BODY = YES;
				CLANG_WARN_ENUM_CONVERSION = YES;
				CLANG_WARN_INFINITE_RECURSION = YES;
				CLANG_WARN_INT_CONVERSION = YES;
				CLANG_WARN_NON_LITERAL_NULL_CONVERSION = YES;
				CLANG_WARN_OBJC_IMPLICIT_RETAIN_SELF = YES;
				CLANG_WARN_OBJC_LITERAL_CONVERSION = YES;
				CLANG_WARN_OBJC_ROOT_CLASS = YES_ERROR;
				CLANG_WARN_QUOTED_INCLUDE_IN_FRAMEWORK_HEADER = YES;
				CLANG_WARN_RANGE_LOOP_ANALYSIS = YES;
				CLANG_WARN_STRICT_PROTOTYPES = YES;
				CLANG_WARN_SUSPICIOUS_MOVE = YES;
				CLANG_WARN_UNGUARDED_AVAILABILITY = YES_AGGRESSIVE;
				CLANG_WARN_UNREACHABLE_CODE = YES;
				CLANG_WARN__DUPLICATE_METHOD_MATCH = YES;
				COPY_PHASE_STRIP = NO;
				DEBUG_INFORMATION_FORMAT = "dwarf-with-dsym";
				ENABLE_NS_ASSERTIONS = NO;
				ENABLE_STRICT_OBJC_MSGSEND = YES;
				GCC_C_LANGUAGE_STANDARD = gnu11;
				GCC_NO_COMMON_BLOCKS = YES;
				GCC_WARN_64_TO_32_BIT_CONVERSION = YES;
				GCC_WARN_ABOUT_RETURN_TYPE = YES_ERROR;
				GCC_WARN_UNDECLARED_SELECTOR = YES;
				GCC_WARN_UNINITIALIZED_AUTOS = YES_AGGRESSIVE;
				GCC_WARN_UNUSED_FUNCTION = YES;
				GCC_WARN_UNUSED_VARIABLE = YES;
				IPHONEOS_DEPLOYMENT_TARGET = 15.0;
				MTL_ENABLE_DEBUG_INFO = NO;
				MTL_FAST_MATH = YES;
				SDKROOT = iphoneos;
				SWIFT_COMPILATION_MODE = wholemodule;
				SWIFT_OPTIMIZATION_LEVEL = "-O";
				VALIDATE_PRODUCT = YES;
			};
			name = Release;
		};
		BBA94A8A2906C7B300E9B2F7 /* Debug */ = {
			isa = XCBuildConfiguration;
			baseConfigurationReference = 5E8E40245F3326C60EFEF4C6 /* Pods-LocationNote.debug.xcconfig */;
			buildSettings = {
				ASSETCATALOG_COMPILER_APPICON_NAME = AppIcon;
				ASSETCATALOG_COMPILER_GLOBAL_ACCENT_COLOR_NAME = AccentColor;
				CODE_SIGN_STYLE = Manual;
				CURRENT_PROJECT_VERSION = 1;
				DEVELOPMENT_TEAM = "";
				GENERATE_INFOPLIST_FILE = YES;
				INFOPLIST_FILE = LocationNote/Info.plist;
				INFOPLIST_KEY_NSLocationAlwaysAndWhenInUseUsageDescription = "通知を出すのに位置情報を利用します。";
				INFOPLIST_KEY_NSLocationAlwaysUsageDescription = "通知を出すのに位置情報を利用します。";
				INFOPLIST_KEY_NSLocationWhenInUseUsageDescription = "メモに関する通知を出すために利用します";
				INFOPLIST_KEY_UIApplicationSupportsIndirectInputEvents = YES;
				INFOPLIST_KEY_UILaunchStoryboardName = LaunchScreen.storyboard;
				INFOPLIST_KEY_UIMainStoryboardFile = Main;
				INFOPLIST_KEY_UIStatusBarStyle = "";
				INFOPLIST_KEY_UISupportedInterfaceOrientations_iPad = "UIInterfaceOrientationPortrait UIInterfaceOrientationPortraitUpsideDown UIInterfaceOrientationLandscapeLeft UIInterfaceOrientationLandscapeRight";
				INFOPLIST_KEY_UISupportedInterfaceOrientations_iPhone = "UIInterfaceOrientationPortrait UIInterfaceOrientationLandscapeLeft UIInterfaceOrientationLandscapeRight";
				IPHONEOS_DEPLOYMENT_TARGET = 15.0;
				LD_RUNPATH_SEARCH_PATHS = (
					"$(inherited)",
					"@executable_path/Frameworks",
				);
				MARKETING_VERSION = 1.0;
				PRODUCT_BUNDLE_IDENTIFIER = Ryoga.LocationNote;
				PRODUCT_NAME = "$(TARGET_NAME)";
				PROVISIONING_PROFILE_SPECIFIER = "";
				SWIFT_EMIT_LOC_STRINGS = YES;
				SWIFT_VERSION = 5.0;
				TARGETED_DEVICE_FAMILY = "1,2";
			};
			name = Debug;
		};
		BBA94A8B2906C7B300E9B2F7 /* Release */ = {
			isa = XCBuildConfiguration;
			baseConfigurationReference = 8B53D729CD0EF0D2CD3ADA11 /* Pods-LocationNote.release.xcconfig */;
			buildSettings = {
				ASSETCATALOG_COMPILER_APPICON_NAME = AppIcon;
				ASSETCATALOG_COMPILER_GLOBAL_ACCENT_COLOR_NAME = AccentColor;
				CODE_SIGN_STYLE = Manual;
				CURRENT_PROJECT_VERSION = 1;
				DEVELOPMENT_TEAM = "";
				GENERATE_INFOPLIST_FILE = YES;
				INFOPLIST_FILE = LocationNote/Info.plist;
				INFOPLIST_KEY_NSLocationAlwaysAndWhenInUseUsageDescription = "通知を出すのに位置情報を利用します。";
				INFOPLIST_KEY_NSLocationAlwaysUsageDescription = "通知を出すのに位置情報を利用します。";
				INFOPLIST_KEY_NSLocationWhenInUseUsageDescription = "メモに関する通知を出すために利用します";
				INFOPLIST_KEY_UIApplicationSupportsIndirectInputEvents = YES;
				INFOPLIST_KEY_UILaunchStoryboardName = LaunchScreen.storyboard;
				INFOPLIST_KEY_UIMainStoryboardFile = Main;
				INFOPLIST_KEY_UIStatusBarStyle = "";
				INFOPLIST_KEY_UISupportedInterfaceOrientations_iPad = "UIInterfaceOrientationPortrait UIInterfaceOrientationPortraitUpsideDown UIInterfaceOrientationLandscapeLeft UIInterfaceOrientationLandscapeRight";
				INFOPLIST_KEY_UISupportedInterfaceOrientations_iPhone = "UIInterfaceOrientationPortrait UIInterfaceOrientationLandscapeLeft UIInterfaceOrientationLandscapeRight";
				IPHONEOS_DEPLOYMENT_TARGET = 15.0;
				LD_RUNPATH_SEARCH_PATHS = (
					"$(inherited)",
					"@executable_path/Frameworks",
				);
				MARKETING_VERSION = 1.0;
				PRODUCT_BUNDLE_IDENTIFIER = Ryoga.LocationNote;
				PRODUCT_NAME = "$(TARGET_NAME)";
				PROVISIONING_PROFILE_SPECIFIER = "";
				SWIFT_EMIT_LOC_STRINGS = YES;
				SWIFT_VERSION = 5.0;
				TARGETED_DEVICE_FAMILY = "1,2";
			};
			name = Release;
		};
		BBA94A8D2906C7B300E9B2F7 /* Debug */ = {
			isa = XCBuildConfiguration;
			baseConfigurationReference = 309144EFE87BF932BE3377E4 /* Pods-LocationNoteTests.debug.xcconfig */;
			buildSettings = {
				ALWAYS_EMBED_SWIFT_STANDARD_LIBRARIES = YES;
				BUNDLE_LOADER = "$(TEST_HOST)";
				CODE_SIGN_STYLE = Automatic;
				CURRENT_PROJECT_VERSION = 1;
				DEVELOPMENT_TEAM = LKYMU5S6H5;
				GENERATE_INFOPLIST_FILE = YES;
				IPHONEOS_DEPLOYMENT_TARGET = 16.0;
				MARKETING_VERSION = 1.0;
				PRODUCT_BUNDLE_IDENTIFIER = Ryoga.LocationNoteTests;
				PRODUCT_NAME = "$(TARGET_NAME)";
				SWIFT_EMIT_LOC_STRINGS = NO;
				SWIFT_VERSION = 5.0;
				TARGETED_DEVICE_FAMILY = "1,2";
				TEST_HOST = "$(BUILT_PRODUCTS_DIR)/LocationNote.app/$(BUNDLE_EXECUTABLE_FOLDER_PATH)/LocationNote";
			};
			name = Debug;
		};
		BBA94A8E2906C7B300E9B2F7 /* Release */ = {
			isa = XCBuildConfiguration;
			baseConfigurationReference = CC2B9D561C0B4B736AE4BC60 /* Pods-LocationNoteTests.release.xcconfig */;
			buildSettings = {
				ALWAYS_EMBED_SWIFT_STANDARD_LIBRARIES = YES;
				BUNDLE_LOADER = "$(TEST_HOST)";
				CODE_SIGN_STYLE = Automatic;
				CURRENT_PROJECT_VERSION = 1;
				DEVELOPMENT_TEAM = LKYMU5S6H5;
				GENERATE_INFOPLIST_FILE = YES;
				IPHONEOS_DEPLOYMENT_TARGET = 16.0;
				MARKETING_VERSION = 1.0;
				PRODUCT_BUNDLE_IDENTIFIER = Ryoga.LocationNoteTests;
				PRODUCT_NAME = "$(TARGET_NAME)";
				SWIFT_EMIT_LOC_STRINGS = NO;
				SWIFT_VERSION = 5.0;
				TARGETED_DEVICE_FAMILY = "1,2";
				TEST_HOST = "$(BUILT_PRODUCTS_DIR)/LocationNote.app/$(BUNDLE_EXECUTABLE_FOLDER_PATH)/LocationNote";
			};
			name = Release;
		};
		BBA94A902906C7B300E9B2F7 /* Debug */ = {
			isa = XCBuildConfiguration;
			baseConfigurationReference = 490359AFCBCE665A775DF913 /* Pods-LocationNote-LocationNoteUITests.debug.xcconfig */;
			buildSettings = {
				ALWAYS_EMBED_SWIFT_STANDARD_LIBRARIES = YES;
				CODE_SIGN_STYLE = Automatic;
				CURRENT_PROJECT_VERSION = 1;
				DEVELOPMENT_TEAM = LKYMU5S6H5;
				GENERATE_INFOPLIST_FILE = YES;
				MARKETING_VERSION = 1.0;
				PRODUCT_BUNDLE_IDENTIFIER = Ryoga.LocationNoteUITests;
				PRODUCT_NAME = "$(TARGET_NAME)";
				SWIFT_EMIT_LOC_STRINGS = NO;
				SWIFT_VERSION = 5.0;
				TARGETED_DEVICE_FAMILY = "1,2";
				TEST_TARGET_NAME = LocationNote;
			};
			name = Debug;
		};
		BBA94A912906C7B300E9B2F7 /* Release */ = {
			isa = XCBuildConfiguration;
			baseConfigurationReference = 5B34969A1B9F4007BD19AFB2 /* Pods-LocationNote-LocationNoteUITests.release.xcconfig */;
			buildSettings = {
				ALWAYS_EMBED_SWIFT_STANDARD_LIBRARIES = YES;
				CODE_SIGN_STYLE = Automatic;
				CURRENT_PROJECT_VERSION = 1;
				DEVELOPMENT_TEAM = LKYMU5S6H5;
				GENERATE_INFOPLIST_FILE = YES;
				MARKETING_VERSION = 1.0;
				PRODUCT_BUNDLE_IDENTIFIER = Ryoga.LocationNoteUITests;
				PRODUCT_NAME = "$(TARGET_NAME)";
				SWIFT_EMIT_LOC_STRINGS = NO;
				SWIFT_VERSION = 5.0;
				TARGETED_DEVICE_FAMILY = "1,2";
				TEST_TARGET_NAME = LocationNote;
			};
			name = Release;
		};
/* End XCBuildConfiguration section */

/* Begin XCConfigurationList section */
		BBA94A572906C7B000E9B2F7 /* Build configuration list for PBXProject "LocationNote" */ = {
			isa = XCConfigurationList;
			buildConfigurations = (
				BBA94A872906C7B300E9B2F7 /* Debug */,
				BBA94A882906C7B300E9B2F7 /* Release */,
			);
			defaultConfigurationIsVisible = 0;
			defaultConfigurationName = Release;
		};
		BBA94A892906C7B300E9B2F7 /* Build configuration list for PBXNativeTarget "LocationNote" */ = {
			isa = XCConfigurationList;
			buildConfigurations = (
				BBA94A8A2906C7B300E9B2F7 /* Debug */,
				BBA94A8B2906C7B300E9B2F7 /* Release */,
			);
			defaultConfigurationIsVisible = 0;
			defaultConfigurationName = Release;
		};
		BBA94A8C2906C7B300E9B2F7 /* Build configuration list for PBXNativeTarget "LocationNoteTests" */ = {
			isa = XCConfigurationList;
			buildConfigurations = (
				BBA94A8D2906C7B300E9B2F7 /* Debug */,
				BBA94A8E2906C7B300E9B2F7 /* Release */,
			);
			defaultConfigurationIsVisible = 0;
			defaultConfigurationName = Release;
		};
		BBA94A8F2906C7B300E9B2F7 /* Build configuration list for PBXNativeTarget "LocationNoteUITests" */ = {
			isa = XCConfigurationList;
			buildConfigurations = (
				BBA94A902906C7B300E9B2F7 /* Debug */,
				BBA94A912906C7B300E9B2F7 /* Release */,
			);
			defaultConfigurationIsVisible = 0;
			defaultConfigurationName = Release;
		};
/* End XCConfigurationList section */

/* Begin XCVersionGroup section */
		BBA94A682906C7B000E9B2F7 /* LocationNote.xcdatamodeld */ = {
			isa = XCVersionGroup;
			children = (
				BBA94A692906C7B000E9B2F7 /* LocationNote.xcdatamodel */,
			);
			currentVersion = BBA94A692906C7B000E9B2F7 /* LocationNote.xcdatamodel */;
			path = LocationNote.xcdatamodeld;
			sourceTree = "<group>";
			versionGroupType = wrapper.xcdatamodel;
		};
/* End XCVersionGroup section */
	};
	rootObject = BBA94A542906C7B000E9B2F7 /* Project object */;
}
